
Microsoft Visual Studio Solution File, Format Version 12.00
# Visual Studio 15
VisualStudioVersion = 15.0.27004.2005
MinimumVisualStudioVersion = 10.0.40219.1
Project("{FAE04EC0-301F-11D3-BF4B-00C04F79EFBC}") = "Rogue", "Rogue\Rogue.csproj", "{DCBF66B5-9384-4B7D-9657-3149D4C48E37}"
EndProject
Project("{FAE04EC0-301F-11D3-BF4B-00C04F79EFBC}") = "Snake", "Snake\Snake.csproj", "{F637CC62-EECA-487D-8D5E-7A46F65D0E8C}"
EndProject
Global
	GlobalSection(SolutionConfigurationPlatforms) = preSolution
		Debug|Any CPU = Debug|Any CPU
		Release|Any CPU = Release|Any CPU
	EndGlobalSection
	GlobalSection(ProjectConfigurationPlatforms) = postSolution
		{DCBF66B5-9384-4B7D-9657-3149D4C48E37}.Debug|Any CPU.ActiveCfg = Debug|Any CPU
		{DCBF66B5-9384-4B7D-9657-3149D4C48E37}.Debug|Any CPU.Build.0 = Debug|Any CPU
		{DCBF66B5-9384-4B7D-9657-3149D4C48E37}.Release|Any CPU.ActiveCfg = Release|Any CPU
		{DCBF66B5-9384-4B7D-9657-3149D4C48E37}.Release|Any CPU.Build.0 = Release|Any CPU
		{F637CC62-EECA-487D-8D5E-7A46F65D0E8C}.Debug|Any CPU.ActiveCfg = Debug|Any CPU
		{F637CC62-EECA-487D-8D5E-7A46F65D0E8C}.Debug|Any CPU.Build.0 = Debug|Any CPU
		{F637CC62-EECA-487D-8D5E-7A46F65D0E8C}.Release|Any CPU.ActiveCfg = Release|Any CPU
		{F637CC62-EECA-487D-8D5E-7A46F65D0E8C}.Release|Any CPU.Build.0 = Release|Any CPU
	EndGlobalSection
	GlobalSection(SolutionProperties) = preSolution
		HideSolutionNode = FALSE
	EndGlobalSection
	GlobalSection(ExtensibilityGlobals) = postSolution
		SolutionGuid = {5C5C9860-E8CA-42C5-B1C1-C0578D1F4BF7}
	EndGlobalSection
EndGlobal
