
Microsoft Visual Studio Solution File, Format Version 12.00
# Visual Studio 15
VisualStudioVersion = 15.0.27130.2003
MinimumVisualStudioVersion = 10.0.40219.1
Project("{FAE04EC0-301F-11D3-BF4B-00C04F79EFBC}") = "Lesson 3", "Lesson 3\Lesson 3.csproj", "{DA897648-0B76-4116-BC6A-4BAA6660A66A}"
EndProject
Project("{FAE04EC0-301F-11D3-BF4B-00C04F79EFBC}") = "GuessNum", "ConsoleApp1\GuessNum.csproj", "{E8998B01-D55E-4BA4-BCEA-265A128791E8}"
EndProject
Global
	GlobalSection(SolutionConfigurationPlatforms) = preSolution
		Debug|Any CPU = Debug|Any CPU
		Release|Any CPU = Release|Any CPU
	EndGlobalSection
	GlobalSection(ProjectConfigurationPlatforms) = postSolution
		{DA897648-0B76-4116-BC6A-4BAA6660A66A}.Debug|Any CPU.ActiveCfg = Debug|Any CPU
		{DA897648-0B76-4116-BC6A-4BAA6660A66A}.Debug|Any CPU.Build.0 = Debug|Any CPU
		{DA897648-0B76-4116-BC6A-4BAA6660A66A}.Release|Any CPU.ActiveCfg = Release|Any CPU
		{DA897648-0B76-4116-BC6A-4BAA6660A66A}.Release|Any CPU.Build.0 = Release|Any CPU
		{E8998B01-D55E-4BA4-BCEA-265A128791E8}.Debug|Any CPU.ActiveCfg = Debug|Any CPU
		{E8998B01-D55E-4BA4-BCEA-265A128791E8}.Debug|Any CPU.Build.0 = Debug|Any CPU
		{E8998B01-D55E-4BA4-BCEA-265A128791E8}.Release|Any CPU.ActiveCfg = Release|Any CPU
		{E8998B01-D55E-4BA4-BCEA-265A128791E8}.Release|Any CPU.Build.0 = Release|Any CPU
	EndGlobalSection
	GlobalSection(SolutionProperties) = preSolution
		HideSolutionNode = FALSE
	EndGlobalSection
	GlobalSection(ExtensibilityGlobals) = postSolution
		SolutionGuid = {0CAC949F-4800-41FC-9C38-895DAFE3E65C}
	EndGlobalSection
EndGlobal
