
Microsoft Visual Studio Solution File, Format Version 12.00
# Visual Studio 15
VisualStudioVersion = 15.0.27130.2003
MinimumVisualStudioVersion = 10.0.40219.1
Project("{FAE04EC0-301F-11D3-BF4B-00C04F79EFBC}") = "Lesson 6", "Lesson 6\Lesson 6.csproj", "{E0A89183-25B8-49F3-A23F-9173BE4A4260}"
EndProject
Project("{FAE04EC0-301F-11D3-BF4B-00C04F79EFBC}") = "Lesson 4", "..\Lesson 4\Lesson 4\Lesson 4.csproj", "{A9E9D229-2EFE-4C23-9A67-FD52911F1D68}"
EndProject
Project("{FAE04EC0-301F-11D3-BF4B-00C04F79EFBC}") = "统计字母数量", "Input\统计字母数量.csproj", "{090E1F78-C630-4D56-BE62-901631775D3D}"
EndProject
Project("{FAE04EC0-301F-11D3-BF4B-00C04F79EFBC}") = "合并排序", "合并排序\合并排序.csproj", "{FBF4FDF6-DD79-48E4-9B36-7CA93CF66284}"
EndProject
Project("{FAE04EC0-301F-11D3-BF4B-00C04F79EFBC}") = "杨辉三角", "杨辉三角\杨辉三角.csproj", "{2CA489DB-D87A-4E7C-99AF-72CDB5C90FC8}"
EndProject
Global
	GlobalSection(SolutionConfigurationPlatforms) = preSolution
		Debug|Any CPU = Debug|Any CPU
		Release|Any CPU = Release|Any CPU
	EndGlobalSection
	GlobalSection(ProjectConfigurationPlatforms) = postSolution
		{E0A89183-25B8-49F3-A23F-9173BE4A4260}.Debug|Any CPU.ActiveCfg = Debug|Any CPU
		{E0A89183-25B8-49F3-A23F-9173BE4A4260}.Debug|Any CPU.Build.0 = Debug|Any CPU
		{E0A89183-25B8-49F3-A23F-9173BE4A4260}.Release|Any CPU.ActiveCfg = Release|Any CPU
		{E0A89183-25B8-49F3-A23F-9173BE4A4260}.Release|Any CPU.Build.0 = Release|Any CPU
		{A9E9D229-2EFE-4C23-9A67-FD52911F1D68}.Debug|Any CPU.ActiveCfg = Debug|Any CPU
		{A9E9D229-2EFE-4C23-9A67-FD52911F1D68}.Debug|Any CPU.Build.0 = Debug|Any CPU
		{A9E9D229-2EFE-4C23-9A67-FD52911F1D68}.Release|Any CPU.ActiveCfg = Release|Any CPU
		{A9E9D229-2EFE-4C23-9A67-FD52911F1D68}.Release|Any CPU.Build.0 = Release|Any CPU
		{090E1F78-C630-4D56-BE62-901631775D3D}.Debug|Any CPU.ActiveCfg = Debug|Any CPU
		{090E1F78-C630-4D56-BE62-901631775D3D}.Debug|Any CPU.Build.0 = Debug|Any CPU
		{090E1F78-C630-4D56-BE62-901631775D3D}.Release|Any CPU.ActiveCfg = Release|Any CPU
		{090E1F78-C630-4D56-BE62-901631775D3D}.Release|Any CPU.Build.0 = Release|Any CPU
		{FBF4FDF6-DD79-48E4-9B36-7CA93CF66284}.Debug|Any CPU.ActiveCfg = Debug|Any CPU
		{FBF4FDF6-DD79-48E4-9B36-7CA93CF66284}.Debug|Any CPU.Build.0 = Debug|Any CPU
		{FBF4FDF6-DD79-48E4-9B36-7CA93CF66284}.Release|Any CPU.ActiveCfg = Release|Any CPU
		{FBF4FDF6-DD79-48E4-9B36-7CA93CF66284}.Release|Any CPU.Build.0 = Release|Any CPU
		{2CA489DB-D87A-4E7C-99AF-72CDB5C90FC8}.Debug|Any CPU.ActiveCfg = Debug|Any CPU
		{2CA489DB-D87A-4E7C-99AF-72CDB5C90FC8}.Debug|Any CPU.Build.0 = Debug|Any CPU
		{2CA489DB-D87A-4E7C-99AF-72CDB5C90FC8}.Release|Any CPU.ActiveCfg = Release|Any CPU
		{2CA489DB-D87A-4E7C-99AF-72CDB5C90FC8}.Release|Any CPU.Build.0 = Release|Any CPU
	EndGlobalSection
	GlobalSection(SolutionProperties) = preSolution
		HideSolutionNode = FALSE
	EndGlobalSection
	GlobalSection(ExtensibilityGlobals) = postSolution
		SolutionGuid = {6273970B-5A72-44A5-ADC7-FF2A1A83F630}
	EndGlobalSection
EndGlobal
